schema: '2.0'
stages:
  get_data:
    cmd: python src/data/fetch_data.py --config=configs/config.yaml
    deps:
    - path: configs/config.yaml
      md5: ffa0268af7045116297146df14a4f9c2
      size: 900
    - path: src/data/fetch_data.py
      md5: 90a6582e8a13a7fd6fb7dc31749cab6b
      size: 1518
    - path: src/utils/helper.py
      md5: 6f529647069c811d4e0966a53c88a7c0
      size: 2339
    outs:
    - path: data/data.xml
      md5: a304afb96060aad90176268345e10355
      size: 37891850
  prepare_data:
    cmd: python src/data/prepare_data.py --config=configs/config.yaml --params=params.yaml
    deps:
    - path: configs/config.yaml
      md5: ffa0268af7045116297146df14a4f9c2
      size: 900
    - path: data/data.xml
      md5: a304afb96060aad90176268345e10355
      size: 37891850
    - path: src/data/prepare_data.py
      md5: 416791f04ff12400b7f805b7523294e2
      size: 2204
    - path: src/utils/helper.py
      md5: 6f529647069c811d4e0966a53c88a7c0
      size: 2339
    params:
      params.yaml:
        prepare.seed: 2021
        prepare.split: 0.2
    outs:
    - path: artifacts/prepared/test.tsv
      md5: 60c757f3b30604473de7fa775dfc00d9
      size: 4899778
    - path: artifacts/prepared/train.tsv
      md5: 553034c4cf40efc63c99c19fe98610d0
      size: 18986541
  featurize:
    cmd: python src/data/create_features.py --config=configs/config.yaml --params=params.yaml
    deps:
    - path: artifacts/prepared/test.tsv
      md5: 60c757f3b30604473de7fa775dfc00d9
      size: 4899778
    - path: artifacts/prepared/train.tsv
      md5: 553034c4cf40efc63c99c19fe98610d0
      size: 18986541
    - path: configs/config.yaml
      md5: ffa0268af7045116297146df14a4f9c2
      size: 900
    - path: src/data/create_features.py
      md5: 215e47c3b8287563099537a77c4b8d49
      size: 3026
    - path: src/utils/helper.py
      md5: 6f529647069c811d4e0966a53c88a7c0
      size: 2339
    params:
      params.yaml:
        featurize.max_features: 2000
        featurize.ngrams: 3
    outs:
    - path: artifacts/features/test.pkl
      md5: bba6bf43734db42b4e0de57be7443a51
      size: 2492179
    - path: artifacts/features/train.pkl
      md5: 0b3969bad6a7f92621bd3ee9f33af9a1
      size: 9712619
  train:
    cmd: python src/models/train_fn.py --config=configs/config.yaml --params=params.yaml
    deps:
    - path: artifacts/features/train.pkl
      md5: 0b3969bad6a7f92621bd3ee9f33af9a1
      size: 9712619
    - path: configs/config.yaml
      md5: ffa0268af7045116297146df14a4f9c2
      size: 900
    - path: src/models/train_fn.py
      md5: 0e724b1f71cb7ed01354d7490d25bfeb
      size: 2361
    - path: src/utils/helper.py
      md5: 6f529647069c811d4e0966a53c88a7c0
      size: 2339
    params:
      params.yaml:
        train.min_split: 32
        train.n_est: 320
        train.seed: 2021
    outs:
    - path: artifacts/model/model.pkl
      md5: 8ddb94a13ba23477593b7d883e96c573
      size: 9174577
  evaluate:
    cmd: python src/models/test_fn.py --config=configs/config.yaml
    deps:
    - path: artifacts/features/test.pkl
      md5: bba6bf43734db42b4e0de57be7443a51
      size: 2492179
    - path: artifacts/model/model.pkl
      md5: 8ddb94a13ba23477593b7d883e96c573
      size: 9174577
    - path: configs/config.yaml
      md5: ffa0268af7045116297146df14a4f9c2
      size: 900
    - path: src/models/test_fn.py
      md5: f534ff25fba98f3d20ccb954b5fbb22c
      size: 2828
    - path: src/utils/helper.py
      md5: 6f529647069c811d4e0966a53c88a7c0
      size: 2339
    outs:
    - path: prc.json
      md5: 28896cd78d908498c76bfaac4d99cc66
      size: 131333
    - path: roc.json
      md5: 24fa889ccbbaed96e795bc3b6fd9a252
      size: 37174
    - path: scores.json
      md5: 9fb58191dbf305010910204c9d96ca2b
      size: 76
